
Microsoft Visual Studio Solution File, Format Version 12.00
# Visual Studio Version 16
VisualStudioVersion = 16.0.30803.129
MinimumVisualStudioVersion = 10.0.40219.1
Project("{9A19103F-16F7-4668-BE54-9A1E7A4F7556}") = "PrologOnBrowser", "PrologOnBrowser\PrologOnBrowser.csproj", "{5A0048B8-0E98-4991-A97B-79B94EF00925}"
EndProject
Project("{2150E333-8FDC-42A3-9474-1A3956D46DE8}") = "Solution Items", "Solution Items", "{D611C005-73F2-4200-95E1-DA0B31991B30}"
	ProjectSection(SolutionItems) = preProject
		.github\workflows\gh-pages.yml = .github\workflows\gh-pages.yml
		LICENSE = LICENSE
		README.md = README.md
	EndProjectSection
EndProject
Project("{2150E333-8FDC-42A3-9474-1A3956D46DE8}") = "README", "README", "{76A3FFAC-F0B4-445B-95FB-41E10F05D0B2}"
	ProjectSection(SolutionItems) = preProject
		LICENSE = LICENSE
		README.md = README.md
	EndProjectSection
EndProject
Global
	GlobalSection(SolutionConfigurationPlatforms) = preSolution
		Debug|Any CPU = Debug|Any CPU
		Release|Any CPU = Release|Any CPU
	EndGlobalSection
	GlobalSection(ProjectConfigurationPlatforms) = postSolution
		{5A0048B8-0E98-4991-A97B-79B94EF00925}.Debug|Any CPU.ActiveCfg = Debug|Any CPU
		{5A0048B8-0E98-4991-A97B-79B94EF00925}.Debug|Any CPU.Build.0 = Debug|Any CPU
		{5A0048B8-0E98-4991-A97B-79B94EF00925}.Release|Any CPU.ActiveCfg = Release|Any CPU
		{5A0048B8-0E98-4991-A97B-79B94EF00925}.Release|Any CPU.Build.0 = Release|Any CPU
	EndGlobalSection
	GlobalSection(SolutionProperties) = preSolution
		HideSolutionNode = FALSE
	EndGlobalSection
	GlobalSection(ExtensibilityGlobals) = postSolution
		SolutionGuid = {9BF2593A-C36F-4E2B-AD27-72011C45BD31}
	EndGlobalSection
EndGlobal
